
Microsoft Visual Studio Solution File, Format Version 12.00
# Visual Studio Version 16
VisualStudioVersion = 25.0.1703.5
MinimumVisualStudioVersion = 10.0.40219.1
Project("{FAE04EC0-301F-11D3-BF4B-00C04F79EFBC}") = "MyProject4", "MyProject4\MyProject4.csproj", "{263C7661-A466-4430-89B8-42B469BB99A7}"
EndProject
Global
	GlobalSection(SolutionConfigurationPlatforms) = preSolution
		Debug|Any CPU = Debug|Any CPU
		Release|Any CPU = Release|Any CPU
	EndGlobalSection
	GlobalSection(ProjectConfigurationPlatforms) = postSolution
		{263C7661-A466-4430-89B8-42B469BB99A7}.Debug|Any CPU.ActiveCfg = Debug|Any CPU
		{263C7661-A466-4430-89B8-42B469BB99A7}.Debug|Any CPU.Build.0 = Debug|Any CPU
		{263C7661-A466-4430-89B8-42B469BB99A7}.Release|Any CPU.ActiveCfg = Release|Any CPU
		{263C7661-A466-4430-89B8-42B469BB99A7}.Release|Any CPU.Build.0 = Release|Any CPU
	EndGlobalSection
	GlobalSection(SolutionProperties) = preSolution
		HideSolutionNode = FALSE
	EndGlobalSection
	GlobalSection(ExtensibilityGlobals) = postSolution
		SolutionGuid = {A81C2D60-99B9-4041-9947-CCB6B078B145}
	EndGlobalSection
EndGlobal
